
Microsoft Visual Studio Solution File, Format Version 12.00
# Visual Studio Version 17
VisualStudioVersion = 17.7.34031.279
MinimumVisualStudioVersion = 10.0.40219.1
Project("{FAE04EC0-301F-11D3-BF4B-00C04F79EFBC}") = "MinionsDB_ADO.NET", "MinionsDB_ADO.NET\MinionsDB_ADO.NET.csproj", "{68BCA605-BC86-43FD-9478-091E325D94DF}"
EndProject
Global
	GlobalSection(SolutionConfigurationPlatforms) = preSolution
		Debug|Any CPU = Debug|Any CPU
		Release|Any CPU = Release|Any CPU
	EndGlobalSection
	GlobalSection(ProjectConfigurationPlatforms) = postSolution
		{68BCA605-BC86-43FD-9478-091E325D94DF}.Debug|Any CPU.ActiveCfg = Debug|Any CPU
		{68BCA605-BC86-43FD-9478-091E325D94DF}.Debug|Any CPU.Build.0 = Debug|Any CPU
		{68BCA605-BC86-43FD-9478-091E325D94DF}.Release|Any CPU.ActiveCfg = Release|Any CPU
		{68BCA605-BC86-43FD-9478-091E325D94DF}.Release|Any CPU.Build.0 = Release|Any CPU
	EndGlobalSection
	GlobalSection(SolutionProperties) = preSolution
		HideSolutionNode = FALSE
	EndGlobalSection
	GlobalSection(ExtensibilityGlobals) = postSolution
		SolutionGuid = {22F51009-5375-42EA-BB9B-F9A82C6083F2}
	EndGlobalSection
EndGlobal
