
Microsoft Visual Studio Solution File, Format Version 12.00
# Visual Studio Version 17
VisualStudioVersion = 17.7.34031.279
MinimumVisualStudioVersion = 10.0.40219.1
Project("{FAE04EC0-301F-11D3-BF4B-00C04F79EFBC}") = "02. Database First", "02. Database First\02. Database First.csproj", "{624DBAF6-B850-4341-AD0A-4F78922A9C9B}"
EndProject
Global
	GlobalSection(SolutionConfigurationPlatforms) = preSolution
		Debug|Any CPU = Debug|Any CPU
		Release|Any CPU = Release|Any CPU
	EndGlobalSection
	GlobalSection(ProjectConfigurationPlatforms) = postSolution
		{624DBAF6-B850-4341-AD0A-4F78922A9C9B}.Debug|Any CPU.ActiveCfg = Debug|Any CPU
		{624DBAF6-B850-4341-AD0A-4F78922A9C9B}.Debug|Any CPU.Build.0 = Debug|Any CPU
		{624DBAF6-B850-4341-AD0A-4F78922A9C9B}.Release|Any CPU.ActiveCfg = Release|Any CPU
		{624DBAF6-B850-4341-AD0A-4F78922A9C9B}.Release|Any CPU.Build.0 = Release|Any CPU
	EndGlobalSection
	GlobalSection(SolutionProperties) = preSolution
		HideSolutionNode = FALSE
	EndGlobalSection
	GlobalSection(ExtensibilityGlobals) = postSolution
		SolutionGuid = {ACE58251-AF2B-444C-868B-A93478574372}
	EndGlobalSection
EndGlobal
